// !$*UTF8*$!
{
	archiveVersion = 1;
	classes = {
	};
	objectVersion = 46;
	objects = {

/* Begin PBXBuildFile section */
		1A248B561BAB64EA00F5CA3C /* AppDelegate.swift in Sources */ = {isa = PBXBuildFile; fileRef = 1A248B551BAB64EA00F5CA3C /* AppDelegate.swift */; };
		1A248B581BAB64EA00F5CA3C /* ViewController.swift in Sources */ = {isa = PBXBuildFile; fileRef = 1A248B571BAB64EA00F5CA3C /* ViewController.swift */; };
		1A248B5B1BAB64EA00F5CA3C /* Main.storyboard in Resources */ = {isa = PBXBuildFile; fileRef = 1A248B591BAB64EA00F5CA3C /* Main.storyboard */; };
		1A248B5D1BAB64EA00F5CA3C /* Assets.xcassets in Resources */ = {isa = PBXBuildFile; fileRef = 1A248B5C1BAB64EA00F5CA3C /* Assets.xcassets */; };
		1A248B601BAB64EA00F5CA3C /* LaunchScreen.storyboard in Resources */ = {isa = PBXBuildFile; fileRef = 1A248B5E1BAB64EA00F5CA3C /* LaunchScreen.storyboard */; };
		1A248B8A1BAB683900F5CA3C /* KeyboardViewController.swift in Sources */ = {isa = PBXBuildFile; fileRef = 1A248B891BAB683900F5CA3C /* KeyboardViewController.swift */; };
		1A248B8E1BAB683900F5CA3C /* Keyboard.appex in Embed App Extensions */ = {isa = PBXBuildFile; fileRef = 1A248B871BAB683900F5CA3C /* Keyboard.appex */; settings = {ATTRIBUTES = (RemoveHeadersOnCopy, ); }; };
		1A248B941BAB686400F5CA3C /* Keyboard.storyboard in Resources */ = {isa = PBXBuildFile; fileRef = 1A248B931BAB686400F5CA3C /* Keyboard.storyboard */; };
/* End PBXBuildFile section */

/* Begin PBXContainerItemProxy section */
		1A248B8C1BAB683900F5CA3C /* PBXContainerItemProxy */ = {
			isa = PBXContainerItemProxy;
			containerPortal = 1A248B4A1BAB64EA00F5CA3C /* Project object */;
			proxyType = 1;
			remoteGlobalIDString = 1A248B861BAB683900F5CA3C;
			remoteInfo = Smiley;
		};
/* End PBXContainerItemProxy section */

/* Begin PBXCopyFilesBuildPhase section */
		1A248B921BAB683900F5CA3C /* Embed App Extensions */ = {
			isa = PBXCopyFilesBuildPhase;
			buildActionMask = 2147483647;
			dstPath = "";
			dstSubfolderSpec = 13;
			files = (
				1A248B8E1BAB683900F5CA3C /* Keyboard.appex in Embed App Extensions */,
			);
			name = "Embed App Extensions";
			runOnlyForDeploymentPostprocessing = 0;
		};
/* End PBXCopyFilesBuildPhase section */

/* Begin PBXFileReference section */
		1A248B521BAB64EA00F5CA3C /* Smiley.app */ = {isa = PBXFileReference; explicitFileType = wrapper.application; includeInIndex = 0; path = Smiley.app; sourceTree = BUILT_PRODUCTS_DIR; };
		1A248B551BAB64EA00F5CA3C /* AppDelegate.swift */ = {isa = PBXFileReference; lastKnownFileType = sourcecode.swift; path = AppDelegate.swift; sourceTree = "<group>"; };
		1A248B571BAB64EA00F5CA3C /* ViewController.swift */ = {isa = PBXFileReference; lastKnownFileType = sourcecode.swift; path = ViewController.swift; sourceTree = "<group>"; };
		1A248B5A1BAB64EA00F5CA3C /* Base */ = {isa = PBXFileReference; lastKnownFileType = file.storyboard; name = Base; path = Base.lproj/Main.storyboard; sourceTree = "<group>"; };
		1A248B5C1BAB64EA00F5CA3C /* Assets.xcassets */ = {isa = PBXFileReference; lastKnownFileType = folder.assetcatalog; path = Assets.xcassets; sourceTree = "<group>"; };
		1A248B5F1BAB64EA00F5CA3C /* Base */ = {isa = PBXFileReference; lastKnownFileType = file.storyboard; name = Base; path = Base.lproj/LaunchScreen.storyboard; sourceTree = "<group>"; };
		1A248B611BAB64EA00F5CA3C /* Info.plist */ = {isa = PBXFileReference; lastKnownFileType = text.plist.xml; path = Info.plist; sourceTree = "<group>"; };
		1A248B871BAB683900F5CA3C /* Keyboard.appex */ = {isa = PBXFileReference; explicitFileType = "wrapper.app-extension"; includeInIndex = 0; path = Keyboard.appex; sourceTree = BUILT_PRODUCTS_DIR; };
		1A248B891BAB683900F5CA3C /* KeyboardViewController.swift */ = {isa = PBXFileReference; lastKnownFileType = sourcecode.swift; path = KeyboardViewController.swift; sourceTree = "<group>"; };
		1A248B8B1BAB683900F5CA3C /* Info.plist */ = {isa = PBXFileReference; lastKnownFileType = text.plist.xml; path = Info.plist; sourceTree = "<group>"; };
		1A248B931BAB686400F5CA3C /* Keyboard.storyboard */ = {isa = PBXFileReference; fileEncoding = 4; lastKnownFileType = file.storyboard; path = Keyboard.storyboard; sourceTree = "<group>"; };
/* End PBXFileReference section */

/* Begin PBXFrameworksBuildPhase section */
		1A248B4F1BAB64EA00F5CA3C /* Frameworks */ = {
			isa = PBXFrameworksBuildPhase;
			buildActionMask = 2147483647;
			files = (
			);
			runOnlyForDeploymentPostprocessing = 0;
		};
		1A248B841BAB683900F5CA3C /* Frameworks */ = {
			isa = PBXFrameworksBuildPhase;
			buildActionMask = 2147483647;
			files = (
			);
			runOnlyForDeploymentPostprocessing = 0;
		};
/* End PBXFrameworksBuildPhase section */

/* Begin PBXGroup section */
		1A248B491BAB64EA00F5CA3C = {
			isa = PBXGroup;
			children = (
				1A248B541BAB64EA00F5CA3C /* SmileyKeyboard */,
				1A248B881BAB683900F5CA3C /* Smiley */,
				1A248B531BAB64EA00F5CA3C /* Products */,
			);
			sourceTree = "<group>";
		};
		1A248B531BAB64EA00F5CA3C /* Products */ = {
			isa = PBXGroup;
			children = (
				1A248B521BAB64EA00F5CA3C /* Smiley.app */,
				1A248B871BAB683900F5CA3C /* Keyboard.appex */,
			);
			name = Products;
			sourceTree = "<group>";
		};
		1A248B541BAB64EA00F5CA3C /* SmileyKeyboard */ = {
			isa = PBXGroup;
			children = (
				1A248B551BAB64EA00F5CA3C /* AppDelegate.swift */,
				1A248B571BAB64EA00F5CA3C /* ViewController.swift */,
				1A248B591BAB64EA00F5CA3C /* Main.storyboard */,
				1A248B5C1BAB64EA00F5CA3C /* Assets.xcassets */,
				1A248B5E1BAB64EA00F5CA3C /* LaunchScreen.storyboard */,
				1A248B611BAB64EA00F5CA3C /* Info.plist */,
			);
			path = SmileyKeyboard;
			sourceTree = "<group>";
		};
		1A248B881BAB683900F5CA3C /* Smiley */ = {
			isa = PBXGroup;
			children = (
				1A248B891BAB683900F5CA3C /* KeyboardViewController.swift */,
				1A248B8B1BAB683900F5CA3C /* Info.plist */,
				1A248B931BAB686400F5CA3C /* Keyboard.storyboard */,
			);
			path = Smiley;
			sourceTree = "<group>";
		};
/* End PBXGroup section */

/* Begin PBXNativeTarget section */
		1A248B511BAB64EA00F5CA3C /* SmileyKeyboard */ = {
			isa = PBXNativeTarget;
			buildConfigurationList = 1A248B7A1BAB64EA00F5CA3C /* Build configuration list for PBXNativeTarget "SmileyKeyboard" */;
			buildPhases = (
				1A248B4E1BAB64EA00F5CA3C /* Sources */,
				1A248B4F1BAB64EA00F5CA3C /* Frameworks */,
				1A248B501BAB64EA00F5CA3C /* Resources */,
				1A248B921BAB683900F5CA3C /* Embed App Extensions */,
			);
			buildRules = (
			);
			dependencies = (
				1A248B8D1BAB683900F5CA3C /* PBXTargetDependency */,
			);
			name = SmileyKeyboard;
			productName = SmileyKeyboard;
			productReference = 1A248B521BAB64EA00F5CA3C /* Smiley.app */;
			productType = "com.apple.product-type.application";
		};
		1A248B861BAB683900F5CA3C /* Smiley */ = {
			isa = PBXNativeTarget;
			buildConfigurationList = 1A248B8F1BAB683900F5CA3C /* Build configuration list for PBXNativeTarget "Smiley" */;
			buildPhases = (
				1A248B831BAB683900F5CA3C /* Sources */,
				1A248B841BAB683900F5CA3C /* Frameworks */,
				1A248B851BAB683900F5CA3C /* Resources */,
			);
			buildRules = (
			);
			dependencies = (
			);
			name = Smiley;
			productName = Smiley;
			productReference = 1A248B871BAB683900F5CA3C /* Keyboard.appex */;
			productType = "com.apple.product-type.app-extension";
		};
/* End PBXNativeTarget section */

/* Begin PBXProject section */
		1A248B4A1BAB64EA00F5CA3C /* Project object */ = {
			isa = PBXProject;
			attributes = {
				LastUpgradeCheck = 0830;
				ORGANIZATIONNAME = NathanTornquist;
				TargetAttributes = {
					1A248B511BAB64EA00F5CA3C = {
						CreatedOnToolsVersion = 7.0;
						DevelopmentTeam = 99AECXNBFU;
						LastSwiftMigration = 0830;
					};
					1A248B861BAB683900F5CA3C = {
						CreatedOnToolsVersion = 7.0;
						DevelopmentTeam = 99AECXNBFU;
						LastSwiftMigration = 0830;
					};
				};
			};
			buildConfigurationList = 1A248B4D1BAB64EA00F5CA3C /* Build configuration list for PBXProject "SmileyKeyboard" */;
			compatibilityVersion = "Xcode 3.2";
			developmentRegion = English;
			hasScannedForEncodings = 0;
			knownRegions = (
				en,
				Base,
			);
			mainGroup = 1A248B491BAB64EA00F5CA3C;
			productRefGroup = 1A248B531BAB64EA00F5CA3C /* Products */;
			projectDirPath = "";
			projectRoot = "";
			targets = (
				1A248B511BAB64EA00F5CA3C /* SmileyKeyboard */,
				1A248B861BAB683900F5CA3C /* Smiley */,
			);
		};
/* End PBXProject section */

/* Begin PBXResourcesBuildPhase section */
		1A248B501BAB64EA00F5CA3C /* Resources */ = {
			isa = PBXResourcesBuildPhase;
			buildActionMask = 2147483647;
			files = (
				1A248B601BAB64EA00F5CA3C /* LaunchScreen.storyboard in Resources */,
				1A248B5D1BAB64EA00F5CA3C /* Assets.xcassets in Resources */,
				1A248B5B1BAB64EA00F5CA3C /* Main.storyboard in Resources */,
			);
			runOnlyForDeploymentPostprocessing = 0;
		};
		1A248B851BAB683900F5CA3C /* Resources */ = {
			isa = PBXResourcesBuildPhase;
			buildActionMask = 2147483647;
			files = (
				1A248B941BAB686400F5CA3C /* Keyboard.storyboard in Resources */,
			);
			runOnlyForDeploymentPostprocessing = 0;
		};
/* End PBXResourcesBuildPhase section */

/* Begin PBXSourcesBuildPhase section */
		1A248B4E1BAB64EA00F5CA3C /* Sources */ = {
			isa = PBXSourcesBuildPhase;
			buildActionMask = 2147483647;
			files = (
				1A248B581BAB64EA00F5CA3C /* ViewController.swift in Sources */,
				1A248B561BAB64EA00F5CA3C /* AppDelegate.swift in Sources */,
			);
			runOnlyForDeploymentPostprocessing = 0;
		};
		1A248B831BAB683900F5CA3C /* Sources */ = {
			isa = PBXSourcesBuildPhase;
			buildActionMask = 2147483647;
			files = (
				1A248B8A1BAB683900F5CA3C /* KeyboardViewController.swift in Sources */,
			);
			runOnlyForDeploymentPostprocessing = 0;
		};
/* End PBXSourcesBuildPhase section */

/* Begin PBXTargetDependency section */
		1A248B8D1BAB683900F5CA3C /* PBXTargetDependency */ = {
			isa = PBXTargetDependency;
			target = 1A248B861BAB683900F5CA3C /* Smiley */;
			targetProxy = 1A248B8C1BAB683900F5CA3C /* PBXContainerItemProxy */;
		};
/* End PBXTargetDependency section */

/* Begin PBXVariantGroup section */
		1A248B591BAB64EA00F5CA3C /* Main.storyboard */ = {
			isa = PBXVariantGroup;
			children = (
				1A248B5A1BAB64EA00F5CA3C /* Base */,
			);
			name = Main.storyboard;
			sourceTree = "<group>";
		};
		1A248B5E1BAB64EA00F5CA3C /* LaunchScreen.storyboard */ = {
			isa = PBXVariantGroup;
			children = (
				1A248B5F1BAB64EA00F5CA3C /* Base */,
			);
			name = LaunchScreen.storyboard;
			sourceTree = "<group>";
		};
/* End PBXVariantGroup section */

/* Begin XCBuildConfiguration section */
		1A248B781BAB64EA00F5CA3C /* Debug */ = {
			isa = XCBuildConfiguration;
			buildSettings = {
				ALWAYS_SEARCH_USER_PATHS = NO;
				CLANG_CXX_LANGUAGE_STANDARD = "gnu++0x";
				CLANG_CXX_LIBRARY = "libc++";
				CLANG_ENABLE_MODULES = YES;
				CLANG_ENABLE_OBJC_ARC = YES;
				CLANG_WARN_BOOL_CONVERSION = YES;
				CLANG_WARN_CONSTANT_CONVERSION = YES;
				CLANG_WARN_DIRECT_OBJC_ISA_USAGE = YES_ERROR;
				CLANG_WARN_EMPTY_BODY = YES;
				CLANG_WARN_ENUM_CONVERSION = YES;
				CLANG_WARN_INFINITE_RECURSION = YES;
				CLANG_WARN_INT_CONVERSION = YES;
				CLANG_WARN_OBJC_ROOT_CLASS = YES_ERROR;
				CLANG_WARN_SUSPICIOUS_MOVE = YES;
				CLANG_WARN_UNREACHABLE_CODE = YES;
				CLANG_WARN__DUPLICATE_METHOD_MATCH = YES;
				"CODE_SIGN_IDENTITY[sdk=iphoneos*]" = "iPhone Developer";
				COPY_PHASE_STRIP = NO;
				DEBUG_INFORMATION_FORMAT = dwarf;
				ENABLE_STRICT_OBJC_MSGSEND = YES;
				ENABLE_TESTABILITY = YES;
				GCC_C_LANGUAGE_STANDARD = gnu99;
				GCC_DYNAMIC_NO_PIC = NO;
				GCC_NO_COMMON_BLOCKS = YES;
				GCC_OPTIMIZATION_LEVEL = 0;
				GCC_PREPROCESSOR_DEFINITIONS = (
					"DEBUG=1",
					"$(inherited)",
				);
				GCC_WARN_64_TO_32_BIT_CONVERSION = YES;
				GCC_WARN_ABOUT_RETURN_TYPE = YES_ERROR;
				GCC_WARN_UNDECLARED_SELECTOR = YES;
				GCC_WARN_UNINITIALIZED_AUTOS = YES_AGGRESSIVE;
				GCC_WARN_UNUSED_FUNCTION = YES;
				GCC_WARN_UNUSED_VARIABLE = YES;
				IPHONEOS_DEPLOYMENT_TARGET = 9.0;
				MTL_ENABLE_DEBUG_INFO = YES;
				ONLY_ACTIVE_ARCH = YES;
				SDKROOT = iphoneos;
				SWIFT_OPTIMIZATION_LEVEL = "-Onone";
			};
			name = Debug;
		};
		1A248B791BAB64EA00F5CA3C /* Release */ = {
			isa = XCBuildConfiguration;
			buildSettings = {
				ALWAYS_SEARCH_USER_PATHS = NO;
				CLANG_CXX_LANGUAGE_STANDARD = "gnu++0x";
				CLANG_CXX_LIBRARY = "libc++";
				CLANG_ENABLE_MODULES = YES;
				CLANG_ENABLE_OBJC_ARC = YES;
				CLANG_WARN_BOOL_CONVERSION = YES;
				CLANG_WARN_CONSTANT_CONVERSION = YES;
				CLANG_WARN_DIRECT_OBJC_ISA_USAGE = YES_ERROR;
				CLANG_WARN_EMPTY_BODY = YES;
				CLANG_WARN_ENUM_CONVERSION = YES;
				CLANG_WARN_INFINITE_RECURSION = YES;
				CLANG_WARN_INT_CONVERSION = YES;
				CLANG_WARN_OBJC_ROOT_CLASS = YES_ERROR;
				CLANG_WARN_SUSPICIOUS_MOVE = YES;
				CLANG_WARN_UNREACHABLE_CODE = YES;
				CLANG_WARN__DUPLICATE_METHOD_MATCH = YES;
				"CODE_SIGN_IDENTITY[sdk=iphoneos*]" = "iPhone Developer";
				COPY_PHASE_STRIP = NO;
				DEBUG_INFORMATION_FORMAT = "dwarf-with-dsym";
				ENABLE_NS_ASSERTIONS = NO;
				ENABLE_STRICT_OBJC_MSGSEND = YES;
				GCC_C_LANGUAGE_STANDARD = gnu99;
				GCC_NO_COMMON_BLOCKS = YES;
				GCC_WARN_64_TO_32_BIT_CONVERSION = YES;
				GCC_WARN_ABOUT_RETURN_TYPE = YES_ERROR;
				GCC_WARN_UNDECLARED_SELECTOR = YES;
				GCC_WARN_UNINITIALIZED_AUTOS = YES_AGGRESSIVE;
				GCC_WARN_UNUSED_FUNCTION = YES;
				GCC_WARN_UNUSED_VARIABLE = YES;
				IPHONEOS_DEPLOYMENT_TARGET = 9.0;
				MTL_ENABLE_DEBUG_INFO = NO;
				SDKROOT = iphoneos;
				SWIFT_OPTIMIZATION_LEVEL = "-Owholemodule";
				VALIDATE_PRODUCT = YES;
			};
			name = Release;
		};
		1A248B7B1BAB64EA00F5CA3C /* Debug */ = {
			isa = XCBuildConfiguration;
			buildSettings = {
				ALWAYS_EMBED_SWIFT_STANDARD_LIBRARIES = YES;
				ASSETCATALOG_COMPILER_APPICON_NAME = AppIcon;
				CODE_SIGN_IDENTITY = "iPhone Developer";
				DEVELOPMENT_TEAM = 99AECXNBFU;
				INFOPLIST_FILE = SmileyKeyboard/Info.plist;
				LD_RUNPATH_SEARCH_PATHS = "$(inherited) @executable_path/Frameworks";
				PRODUCT_BUNDLE_IDENTIFIER = com.nathantornquist.Smiley;
				PRODUCT_NAME = Smiley;
				SWIFT_VERSION = 3.0;
			};
			name = Debug;
		};
		1A248B7C1BAB64EA00F5CA3C /* Release */ = {
			isa = XCBuildConfiguration;
			buildSettings = {
				ALWAYS_EMBED_SWIFT_STANDARD_LIBRARIES = YES;
				ASSETCATALOG_COMPILER_APPICON_NAME = AppIcon;
				CODE_SIGN_IDENTITY = "iPhone Developer";
				DEVELOPMENT_TEAM = 99AECXNBFU;
				INFOPLIST_FILE = SmileyKeyboard/Info.plist;
				LD_RUNPATH_SEARCH_PATHS = "$(inherited) @executable_path/Frameworks";
				PRODUCT_BUNDLE_IDENTIFIER = com.nathantornquist.Smiley;
				PRODUCT_NAME = Smiley;
				SWIFT_VERSION = 3.0;
			};
			name = Release;
		};
		1A248B901BAB683900F5CA3C /* Debug */ = {
			isa = XCBuildConfiguration;
			buildSettings = {
				DEVELOPMENT_TEAM = 99AECXNBFU;
				INFOPLIST_FILE = Smiley/Info.plist;
				LD_RUNPATH_SEARCH_PATHS = "$(inherited) @executable_path/Frameworks @executable_path/../../Frameworks";
				PRODUCT_BUNDLE_IDENTIFIER = com.nathantornquist.Smiley.Smiley;
				PRODUCT_NAME = Keyboard;
				SKIP_INSTALL = YES;
				SWIFT_VERSION = 3.0;
			};
			name = Debug;
		};
		1A248B911BAB683900F5CA3C /* Release */ = {
			isa = XCBuildConfiguration;
			buildSettings = {
				DEVELOPMENT_TEAM = 99AECXNBFU;
				INFOPLIST_FILE = Smiley/Info.plist;
				LD_RUNPATH_SEARCH_PATHS = "$(inherited) @executable_path/Frameworks @executable_path/../../Frameworks";
				PRODUCT_BUNDLE_IDENTIFIER = com.nathantornquist.Smiley.Smiley;
				PRODUCT_NAME = Keyboard;
				SKIP_INSTALL = YES;
				SWIFT_VERSION = 3.0;
			};
			name = Release;
		};
/* End XCBuildConfiguration section */

/* Begin XCConfigurationList section */
		1A248B4D1BAB64EA00F5CA3C /* Build configuration list for PBXProject "SmileyKeyboard" */ = {
			isa = XCConfigurationList;
			buildConfigurations = (
				1A248B781BAB64EA00F5CA3C /* Debug */,
				1A248B791BAB64EA00F5CA3C /* Release */,
			);
			defaultConfigurationIsVisible = 0;
			defaultConfigurationName = Release;
		};
		1A248B7A1BAB64EA00F5CA3C /* Build configuration list for PBXNativeTarget "SmileyKeyboard" */ = {
			isa = XCConfigurationList;
			buildConfigurations = (
				1A248B7B1BAB64EA00F5CA3C /* Debug */,
				1A248B7C1BAB64EA00F5CA3C /* Release */,
			);
			defaultConfigurationIsVisible = 0;
			defaultConfigurationName = Release;
		};
		1A248B8F1BAB683900F5CA3C /* Build configuration list for PBXNativeTarget "Smiley" */ = {
			isa = XCConfigurationList;
			buildConfigurations = (
				1A248B901BAB683900F5CA3C /* Debug */,
				1A248B911BAB683900F5CA3C /* Release */,
			);
			defaultConfigurationIsVisible = 0;
			defaultConfigurationName = Release;
		};
/* End XCConfigurationList section */
	};
	rootObject = 1A248B4A1BAB64EA00F5CA3C /* Project object */;
}
